{
  "checksum": "afd0836c64761de1046f7aa5777723cef33518b95d3b923b0427a60cbe674dc1",
  "crates": {
    "bitflags 2.13.1": {
      "name": "bitflags",
      "version": "2.13.1",
      "package_url": "https://github.com/bitflags/bitflags",
      "repository": {
        "Http": {
          "url": "https://static.crates.io/crates/bitflags/2.13.1/download",
          "sha256": "b588b76d00fde79687d7646a9b5bdf3cc0f655e0bbd080335a95d7e96f3587da"
        }
      },
      "targets": [
        {
          "Library": {
            "crate_name": "bitflags",
            "crate_root": "src/lib.rs",
            "srcs": {
              "allow_empty": true,
              "include": [
                "**/*.rs"
              ]
            }
          }
        }
      ],
      "library_target_name": "bitflags",
      "common_attrs": {
        "compile_data_glob": [
          "**"
        ],
        "edition": "2021",
        "version": "2.13.1"
      },
      "license": "MIT OR Apache-2.0",
      "license_ids": [
        "Apache-2.0",
        "MIT"
      ],
      "license_file": "LICENSE-APACHE"
    },
    "block 0.1.6": {
      "name": "block",
      "version": "0.1.6",
      "package_url": "http://github.com/SSheldon/rust-block",
      "repository": {
        "Http": {
          "url": "https://static.crates.io/crates/block/0.1.6/download",
          "sha256": "0d8c1fef690941d3e7788d328517591fecc684c084084702d6ff1641e993699a"
        }
      },
      "targets": [
        {
          "Library": {
            "crate_name": "block",
            "crate_root": "src/lib.rs",
            "srcs": {
              "allow_empty": true,
              "include": [
                "**/*.rs"
              ]
            }
          }
        }
      ],
      "library_target_name": "block",
      "common_attrs": {
        "compile_data_glob": [
          "**"
        ],
        "edition": "2015",
        "version": "0.1.6"
      },
      "license": "MIT",
      "license_ids": [
        "MIT"
      ],
      "license_file": null
    },
    "cl3 0.13.1": {
      "name": "cl3",
      "version": "0.13.1",
      "package_url": "https://github.com/kenba/cl3",
      "repository": {
        "Http": {
          "url": "https://static.crates.io/crates/cl3/0.13.1/download",
          "sha256": "8ad5f4170f520224684c5c6e86e8d5474c2a10696e553b1db8389970cd82ece7"
        }
      },
      "targets": [
        {
          "Library": {
            "crate_name": "cl3",
            "crate_root": "src/lib.rs",
            "srcs": {
              "allow_empty": true,
              "include": [
                "**/*.rs"
              ]
            }
          }
        }
      ],
      "library_target_name": "cl3",
      "common_attrs": {
        "compile_data_glob": [
          "**"
        ],
        "crate_features": {
          "common": [
            "dynamic"
          ],
          "selects": {}
        },
        "deps": {
          "common": [
            {
              "id": "dlopen2 0.8.2",
              "target": "dlopen2"
            },
            {
              "id": "libc 0.2.189",
              "target": "libc"
            },
            {
              "id": "opencl-sys 0.6.1",
              "target": "opencl_sys"
            },
            {
              "id": "thiserror 2.0.19",
              "target": "thiserror"
            }
          ],
          "selects": {}
        },
        "edition": "2024",
        "version": "0.13.1"
      },
      "license": "Apache-2.0",
      "license_ids": [
        "Apache-2.0"
      ],
      "license_file": "LICENSE"
    },
    "core-foundation 0.10.1": {
      "name": "core-foundation",
      "version": "0.10.1",
      "package_url": "https://github.com/servo/core-foundation-rs",
      "repository": {
        "Http": {
          "url": "https://static.crates.io/crates/core-foundation/0.10.1/download",
          "sha256": "b2a6cd9ae233e7f62ba4e9353e81a88df7fc8a5987b8d445b4d90c879bd156f6"
        }
      },
      "targets": [
        {
          "Library": {
            "crate_name": "core_foundation",
            "crate_root": "src/lib.rs",
            "srcs": {
              "allow_empty": true,
              "include": [
                "**/*.rs"
              ]
            }
          }
        }
      ],
      "library_target_name": "core_foundation",
      "common_attrs": {
        "compile_data_glob": [
          "**"
        ],
        "crate_features": {
          "common": [
            "link"
          ],
          "selects": {}
        },
        "deps": {
          "common": [
            {
              "id": "core-foundation-sys 0.8.7",
              "target": "core_foundation_sys"
            },
            {
              "id": "libc 0.2.189",
              "target": "libc"
            }
          ],
          "selects": {}
        },
        "edition": "2021",
        "version": "0.10.1"
      },
      "license": "MIT OR Apache-2.0",
      "license_ids": [
        "Apache-2.0",
        "MIT"
      ],
      "license_file": "LICENSE-APACHE"
    },
    "core-foundation-sys 0.8.7": {
      "name": "core-foundation-sys",
      "version": "0.8.7",
      "package_url": "https://github.com/servo/core-foundation-rs",
      "repository": {
        "Http": {
          "url": "https://static.crates.io/crates/core-foundation-sys/0.8.7/download",
          "sha256": "773648b94d0e5d620f64f280777445740e61fe701025087ec8b57f45c791888b"
        }
      },
      "targets": [
        {
          "Library": {
            "crate_name": "core_foundation_sys",
            "crate_root": "src/lib.rs",
            "srcs": {
              "allow_empty": true,
              "include": [
                "**/*.rs"
              ]
            }
          }
        }
      ],
      "library_target_name": "core_foundation_sys",
      "common_attrs": {
        "compile_data_glob": [
          "**"
        ],
        "crate_features": {
          "common": [
            "link"
          ],
          "selects": {}
        },
        "edition": "2018",
        "version": "0.8.7"
      },
      "license": "MIT OR Apache-2.0",
      "license_ids": [
        "Apache-2.0",
        "MIT"
      ],
      "license_file": "LICENSE-APACHE"
    },
    "core-graphics-types 0.2.0": {
      "name": "core-graphics-types",
      "version": "0.2.0",
      "package_url": "https://github.com/servo/core-foundation-rs",
      "repository": {
        "Http": {
          "url": "https://static.crates.io/crates/core-graphics-types/0.2.0/download",
          "sha256": "3d44a101f213f6c4cdc1853d4b78aef6db6bdfa3468798cc1d9912f4735013eb"
        }
      },
      "targets": [
        {
          "Library": {
            "crate_name": "core_graphics_types",
            "crate_root": "src/lib.rs",
            "srcs": {
              "allow_empty": true,
              "include": [
                "**/*.rs"
              ]
            }
          }
        }
      ],
      "library_target_name": "core_graphics_types",
      "common_attrs": {
        "compile_data_glob": [
          "**"
        ],
        "crate_features": {
          "common": [
            "link"
          ],
          "selects": {}
        },
        "deps": {
          "common": [
            {
              "id": "bitflags 2.13.1",
              "target": "bitflags"
            },
            {
              "id": "core-foundation 0.10.1",
              "target": "core_foundation"
            },
            {
              "id": "libc 0.2.189",
              "target": "libc"
            }
          ],
          "selects": {}
        },
        "edition": "2018",
        "version": "0.2.0"
      },
      "license": "MIT OR Apache-2.0",
      "license_ids": [
        "Apache-2.0",
        "MIT"
      ],
      "license_file": "LICENSE-APACHE"
    },
    "direct-cargo-bazel-deps 0.0.1": {
      "name": "direct-cargo-bazel-deps",
      "version": "0.0.1",
      "package_url": null,
      "repository": null,
      "targets": [
        {
          "Library": {
            "crate_name": "direct_cargo_bazel_deps",
            "crate_root": ".direct_cargo_bazel_deps.rs",
            "srcs": {
              "allow_empty": true,
              "include": [
                "**/*.rs"
              ]
            }
          }
        }
      ],
      "library_target_name": "direct_cargo_bazel_deps",
      "common_attrs": {
        "compile_data_glob": [
          "**"
        ],
        "deps": {
          "common": [
            {
              "id": "metal 0.33.0",
              "target": "metal"
            },
            {
              "id": "opencl3 0.12.3",
              "target": "opencl3"
            }
          ],
          "selects": {}
        },
        "edition": "2018",
        "version": "0.0.1"
      },
      "license": null,
      "license_ids": [],
      "license_file": null
    },
    "dlopen2 0.8.2": {
      "name": "dlopen2",
      "version": "0.8.2",
      "package_url": "https://github.com/OpenByteDev/dlopen2",
      "repository": {
        "Http": {
          "url": "https://static.crates.io/crates/dlopen2/0.8.2/download",
          "sha256": "5e2c5bd4158e66d1e215c49b837e11d62f3267b30c92f1d171c4d3105e3dc4d4"
        }
      },
      "targets": [
        {
          "Library": {
            "crate_name": "dlopen2",
            "crate_root": "src/lib.rs",
            "srcs": {
              "allow_empty": true,
              "include": [
                "**/*.rs"
              ]
            }
          }
        }
      ],
      "library_target_name": "dlopen2",
      "common_attrs": {
        "compile_data_glob": [
          "**"
        ],
        "crate_features": {
          "common": [
            "default",
            "derive",
            "dlopen2_derive",
            "symbor",
            "wrapper"
          ],
          "selects": {}
        },
        "deps": {
          "common": [
            {
              "id": "once_cell 1.21.4",
              "target": "once_cell"
            }
          ],
          "selects": {
            "cfg(unix)": [
              {
                "id": "libc 0.2.189",
                "target": "libc"
              }
            ],
            "cfg(windows)": [
              {
                "id": "winapi 0.3.9",
                "target": "winapi"
              }
            ]
          }
        },
        "edition": "2024",
        "proc_macro_deps": {
          "common": [
            {
              "id": "dlopen2_derive 0.4.3",
              "target": "dlopen2_derive"
            }
          ],
          "selects": {}
        },
        "version": "0.8.2"
      },
      "license": "MIT",
      "license_ids": [
        "MIT"
      ],
      "license_file": null
    },
    "dlopen2_derive 0.4.3": {
      "name": "dlopen2_derive",
      "version": "0.4.3",
      "package_url": "https://github.com/OpenByteDev/dlopen2",
      "repository": {
        "Http": {
          "url": "https://static.crates.io/crates/dlopen2_derive/0.4.3/download",
          "sha256": "0fbbb781877580993a8707ec48672673ec7b81eeba04cfd2310bd28c08e47c8f"
        }
      },
      "targets": [
        {
          "ProcMacro": {
            "crate_name": "dlopen2_derive",
            "crate_root": "src/lib.rs",
            "srcs": {
              "allow_empty": true,
              "include": [
                "**/*.rs"
              ]
            }
          }
        }
      ],
      "library_target_name": "dlopen2_derive",
      "common_attrs": {
        "compile_data_glob": [
          "**"
        ],
        "deps": {
          "common": [
            {
              "id": "proc-macro2 1.0.107",
              "target": "proc_macro2"
            },
            {
              "id": "quote 1.0.47",
              "target": "quote"
            },
            {
              "id": "syn 2.0.119",
              "target": "syn"
            }
          ],
          "selects": {}
        },
        "edition": "2024",
        "version": "0.4.3"
      },
      "license": "MIT",
      "license_ids": [
        "MIT"
      ],
      "license_file": null
    },
    "foreign-types 0.5.0": {
      "name": "foreign-types",
      "version": "0.5.0",
      "package_url": "https://github.com/sfackler/foreign-types",
      "repository": {
        "Http": {
          "url": "https://static.crates.io/crates/foreign-types/0.5.0/download",
          "sha256": "d737d9aa519fb7b749cbc3b962edcf310a8dd1f4b67c91c4f83975dbdd17d965"
        }
      },
      "targets": [
        {
          "Library": {
            "crate_name": "foreign_types",
            "crate_root": "src/lib.rs",
            "srcs": {
              "allow_empty": true,
              "include": [
                "**/*.rs"
              ]
            }
          }
        }
      ],
      "library_target_name": "foreign_types",
      "common_attrs": {
        "compile_data_glob": [
          "**"
        ],
        "crate_features": {
          "common": [
            "default",
            "std"
          ],
          "selects": {}
        },
        "deps": {
          "common": [
            {
              "id": "foreign-types-shared 0.3.1",
              "target": "foreign_types_shared"
            }
          ],
          "selects": {}
        },
        "edition": "2018",
        "proc_macro_deps": {
          "common": [
            {
              "id": "foreign-types-macros 0.2.4",
              "target": "foreign_types_macros"
            }
          ],
          "selects": {}
        },
        "version": "0.5.0"
      },
      "license": "MIT/Apache-2.0",
      "license_ids": [
        "Apache-2.0",
        "MIT"
      ],
      "license_file": "LICENSE-APACHE"
    },
    "foreign-types-macros 0.2.4": {
      "name": "foreign-types-macros",
      "version": "0.2.4",
      "package_url": "https://github.com/sfackler/foreign-types",
      "repository": {
        "Http": {
          "url": "https://static.crates.io/crates/foreign-types-macros/0.2.4/download",
          "sha256": "ea5190182e6915eb873ddbc16e23b711b6eb1f9c00a0d0a3a91b5f6228475225"
        }
      },
      "targets": [
        {
          "ProcMacro": {
            "crate_name": "foreign_types_macros",
            "crate_root": "src/lib.rs",
            "srcs": {
              "allow_empty": true,
              "include": [
                "**/*.rs"
              ]
            }
          }
        }
      ],
      "library_target_name": "foreign_types_macros",
      "common_attrs": {
        "compile_data_glob": [
          "**"
        ],
        "crate_features": {
          "common": [
            "std"
          ],
          "selects": {}
        },
        "deps": {
          "common": [
            {
              "id": "proc-macro2 1.0.107",
              "target": "proc_macro2"
            },
            {
              "id": "quote 1.0.47",
              "target": "quote"
            },
            {
              "id": "syn 3.0.3",
              "target": "syn"
            }
          ],
          "selects": {}
        },
        "edition": "2018",
        "version": "0.2.4"
      },
      "license": "MIT/Apache-2.0",
      "license_ids": [
        "Apache-2.0",
        "MIT"
      ],
      "license_file": "LICENSE-APACHE"
    },
    "foreign-types-shared 0.3.1": {
      "name": "foreign-types-shared",
      "version": "0.3.1",
      "package_url": "https://github.com/sfackler/foreign-types",
      "repository": {
        "Http": {
          "url": "https://static.crates.io/crates/foreign-types-shared/0.3.1/download",
          "sha256": "aa9a19cbb55df58761df49b23516a86d432839add4af60fc256da840f66ed35b"
        }
      },
      "targets": [
        {
          "Library": {
            "crate_name": "foreign_types_shared",
            "crate_root": "src/lib.rs",
            "srcs": {
              "allow_empty": true,
              "include": [
                "**/*.rs"
              ]
            }
          }
        }
      ],
      "library_target_name": "foreign_types_shared",
      "common_attrs": {
        "compile_data_glob": [
          "**"
        ],
        "edition": "2018",
        "version": "0.3.1"
      },
      "license": "MIT/Apache-2.0",
      "license_ids": [
        "Apache-2.0",
        "MIT"
      ],
      "license_file": "LICENSE-APACHE"
    },
    "libc 0.2.189": {
      "name": "libc",
      "version": "0.2.189",
      "package_url": "https://github.com/rust-lang/libc",
      "repository": {
        "Http": {
          "url": "https://static.crates.io/crates/libc/0.2.189/download",
          "sha256": "3eaf3ede3fee6db1a4c2ee091bf8a8b4dccdc6d17f656fb07896ee72867612f2"
        }
      },
      "targets": [
        {
          "Library": {
            "crate_name": "libc",
            "crate_root": "src/lib.rs",
            "srcs": {
              "allow_empty": true,
              "include": [
                "**/*.rs"
              ]
            }
          }
        },
        {
          "BuildScript": {
            "crate_name": "build_script_build",
            "crate_root": "build.rs",
            "srcs": {
              "allow_empty": true,
              "include": [
                "**/*.rs"
              ]
            }
          }
        }
      ],
      "library_target_name": "libc",
      "common_attrs": {
        "compile_data_glob": [
          "**"
        ],
        "crate_features": {
          "common": [
            "default",
            "std"
          ],
          "selects": {}
        },
        "deps": {
          "common": [
            {
              "id": "libc 0.2.189",
              "target": "build_script_build"
            }
          ],
          "selects": {}
        },
        "edition": "2021",
        "version": "0.2.189"
      },
      "build_script_attrs": {
        "compile_data_glob": [
          "**"
        ],
        "compile_data_glob_excludes": [
          "**/*.rs"
        ],
        "data_glob": [
          "**"
        ]
      },
      "license": "MIT OR Apache-2.0",
      "license_ids": [
        "Apache-2.0",
        "MIT"
      ],
      "license_file": "LICENSE-APACHE"
    },
    "log 0.4.33": {
      "name": "log",
      "version": "0.4.33",
      "package_url": "https://github.com/rust-lang/log",
      "repository": {
        "Http": {
          "url": "https://static.crates.io/crates/log/0.4.33/download",
          "sha256": "0ceec5bc11778974d1bcb055b18002eba7f4b3518b6a0081b3af5f21666da9ad"
        }
      },
      "targets": [
        {
          "Library": {
            "crate_name": "log",
            "crate_root": "src/lib.rs",
            "srcs": {
              "allow_empty": true,
              "include": [
                "**/*.rs"
              ]
            }
          }
        }
      ],
      "library_target_name": "log",
      "common_attrs": {
        "compile_data_glob": [
          "**"
        ],
        "edition": "2021",
        "version": "0.4.33"
      },
      "license": "MIT OR Apache-2.0",
      "license_ids": [
        "Apache-2.0",
        "MIT"
      ],
      "license_file": "LICENSE-APACHE"
    },
    "malloc_buf 0.0.6": {
      "name": "malloc_buf",
      "version": "0.0.6",
      "package_url": "https://github.com/SSheldon/malloc_buf",
      "repository": {
        "Http": {
          "url": "https://static.crates.io/crates/malloc_buf/0.0.6/download",
          "sha256": "62bb907fe88d54d8d9ce32a3cceab4218ed2f6b7d35617cafe9adf84e43919cb"
        }
      },
      "targets": [
        {
          "Library": {
            "crate_name": "malloc_buf",
            "crate_root": "src/lib.rs",
            "srcs": {
              "allow_empty": true,
              "include": [
                "**/*.rs"
              ]
            }
          }
        }
      ],
      "library_target_name": "malloc_buf",
      "common_attrs": {
        "compile_data_glob": [
          "**"
        ],
        "deps": {
          "common": [
            {
              "id": "libc 0.2.189",
              "target": "libc"
            }
          ],
          "selects": {}
        },
        "edition": "2015",
        "version": "0.0.6"
      },
      "license": "MIT",
      "license_ids": [
        "MIT"
      ],
      "license_file": null
    },
    "metal 0.33.0": {
      "name": "metal",
      "version": "0.33.0",
      "package_url": "https://github.com/gfx-rs/metal-rs",
      "repository": {
        "Http": {
          "url": "https://static.crates.io/crates/metal/0.33.0/download",
          "sha256": "c7047791b5bc903b8cd963014b355f71dc9864a9a0b727057676c1dcae5cbc15"
        }
      },
      "targets": [
        {
          "Library": {
            "crate_name": "metal",
            "crate_root": "src/lib.rs",
            "srcs": {
              "allow_empty": true,
              "include": [
                "**/*.rs"
              ]
            }
          }
        }
      ],
      "library_target_name": "metal",
      "common_attrs": {
        "compile_data_glob": [
          "**"
        ],
        "crate_features": {
          "common": [
            "default",
            "link"
          ],
          "selects": {}
        },
        "deps": {
          "common": [
            {
              "id": "bitflags 2.13.1",
              "target": "bitflags"
            },
            {
              "id": "block 0.1.6",
              "target": "block"
            },
            {
              "id": "core-graphics-types 0.2.0",
              "target": "core_graphics_types"
            },
            {
              "id": "foreign-types 0.5.0",
              "target": "foreign_types"
            },
            {
              "id": "log 0.4.33",
              "target": "log"
            },
            {
              "id": "objc 0.2.7",
              "target": "objc"
            }
          ],
          "selects": {}
        },
        "edition": "2021",
        "proc_macro_deps": {
          "common": [
            {
              "id": "paste 1.0.15",
              "target": "paste"
            }
          ],
          "selects": {}
        },
        "version": "0.33.0"
      },
      "license": "MIT OR Apache-2.0",
      "license_ids": [
        "Apache-2.0",
        "MIT"
      ],
      "license_file": "LICENSE-APACHE"
    },
    "objc 0.2.7": {
      "name": "objc",
      "version": "0.2.7",
      "package_url": "http://github.com/SSheldon/rust-objc",
      "repository": {
        "Http": {
          "url": "https://static.crates.io/crates/objc/0.2.7/download",
          "sha256": "915b1b472bc21c53464d6c8461c9d3af805ba1ef837e1cac254428f4a77177b1"
        }
      },
      "targets": [
        {
          "Library": {
            "crate_name": "objc",
            "crate_root": "src/lib.rs",
            "srcs": {
              "allow_empty": true,
              "include": [
                "**/*.rs"
              ]
            }
          }
        }
      ],
      "library_target_name": "objc",
      "common_attrs": {
        "compile_data_glob": [
          "**"
        ],
        "deps": {
          "common": [
            {
              "id": "malloc_buf 0.0.6",
              "target": "malloc_buf"
            }
          ],
          "selects": {}
        },
        "edition": "2015",
        "version": "0.2.7"
      },
      "license": "MIT",
      "license_ids": [
        "MIT"
      ],
      "license_file": "LICENSE.txt"
    },
    "once_cell 1.21.4": {
      "name": "once_cell",
      "version": "1.21.4",
      "package_url": "https://github.com/matklad/once_cell",
      "repository": {
        "Http": {
          "url": "https://static.crates.io/crates/once_cell/1.21.4/download",
          "sha256": "9f7c3e4beb33f85d45ae3e3a1792185706c8e16d043238c593331cc7cd313b50"
        }
      },
      "targets": [
        {
          "Library": {
            "crate_name": "once_cell",
            "crate_root": "src/lib.rs",
            "srcs": {
              "allow_empty": true,
              "include": [
                "**/*.rs"
              ]
            }
          }
        }
      ],
      "library_target_name": "once_cell",
      "common_attrs": {
        "compile_data_glob": [
          "**"
        ],
        "crate_features": {
          "common": [
            "alloc",
            "default",
            "race",
            "std"
          ],
          "selects": {}
        },
        "edition": "2021",
        "version": "1.21.4"
      },
      "license": "MIT OR Apache-2.0",
      "license_ids": [
        "Apache-2.0",
        "MIT"
      ],
      "license_file": "LICENSE-APACHE"
    },
    "opencl-sys 0.6.1": {
      "name": "opencl-sys",
      "version": "0.6.1",
      "package_url": "https://github.com/kenba/opencl-sys-rs",
      "repository": {
        "Http": {
          "url": "https://static.crates.io/crates/opencl-sys/0.6.1/download",
          "sha256": "9bd005f352b2f05acd01d04122448e84f8bc66bdae49045927841bc63de62123"
        }
      },
      "targets": [
        {
          "Library": {
            "crate_name": "opencl_sys",
            "crate_root": "src/lib.rs",
            "srcs": {
              "allow_empty": true,
              "include": [
                "**/*.rs"
              ]
            }
          }
        },
        {
          "BuildScript": {
            "crate_name": "build_script_build",
            "crate_root": "build.rs",
            "srcs": {
              "allow_empty": true,
              "include": [
                "**/*.rs"
              ]
            }
          }
        }
      ],
      "library_target_name": "opencl_sys",
      "common_attrs": {
        "compile_data_glob": [
          "**"
        ],
        "deps": {
          "common": [
            {
              "id": "libc 0.2.189",
              "target": "libc"
            },
            {
              "id": "opencl-sys 0.6.1",
              "target": "build_script_build"
            }
          ],
          "selects": {}
        },
        "edition": "2024",
        "version": "0.6.1"
      },
      "build_script_attrs": {
        "compile_data_glob": [
          "**"
        ],
        "compile_data_glob_excludes": [
          "**/*.rs"
        ],
        "data_glob": [
          "**"
        ],
        "links": "OpenCL"
      },
      "license": "Apache-2.0",
      "license_ids": [
        "Apache-2.0"
      ],
      "license_file": "LICENSE"
    },
    "opencl3 0.12.3": {
      "name": "opencl3",
      "version": "0.12.3",
      "package_url": "https://github.com/kenba/opencl3",
      "repository": {
        "Http": {
          "url": "https://static.crates.io/crates/opencl3/0.12.3/download",
          "sha256": "ecb3473c4f01afd0eea3ee5b31649fec47dbc23353a63e1b916aa67cd810fb73"
        }
      },
      "targets": [
        {
          "Library": {
            "crate_name": "opencl3",
            "crate_root": "src/lib.rs",
            "srcs": {
              "allow_empty": true,
              "include": [
                "**/*.rs"
              ]
            }
          }
        }
      ],
      "library_target_name": "opencl3",
      "common_attrs": {
        "compile_data_glob": [
          "**"
        ],
        "crate_features": {
          "common": [
            "default",
            "dynamic"
          ],
          "selects": {}
        },
        "deps": {
          "common": [
            {
              "id": "cl3 0.13.1",
              "target": "cl3"
            },
            {
              "id": "libc 0.2.189",
              "target": "libc"
            }
          ],
          "selects": {}
        },
        "edition": "2024",
        "version": "0.12.3"
      },
      "license": "Apache-2.0",
      "license_ids": [
        "Apache-2.0"
      ],
      "license_file": "LICENSE"
    },
    "paste 1.0.15": {
      "name": "paste",
      "version": "1.0.15",
      "package_url": "https://github.com/dtolnay/paste",
      "repository": {
        "Http": {
          "url": "https://static.crates.io/crates/paste/1.0.15/download",
          "sha256": "57c0d7b74b563b49d38dae00a0c37d4d6de9b432382b2892f0574ddcae73fd0a"
        }
      },
      "targets": [
        {
          "ProcMacro": {
            "crate_name": "paste",
            "crate_root": "src/lib.rs",
            "srcs": {
              "allow_empty": true,
              "include": [
                "**/*.rs"
              ]
            }
          }
        },
        {
          "BuildScript": {
            "crate_name": "build_script_build",
            "crate_root": "build.rs",
            "srcs": {
              "allow_empty": true,
              "include": [
                "**/*.rs"
              ]
            }
          }
        }
      ],
      "library_target_name": "paste",
      "common_attrs": {
        "compile_data_glob": [
          "**"
        ],
        "deps": {
          "common": [
            {
              "id": "paste 1.0.15",
              "target": "build_script_build"
            }
          ],
          "selects": {}
        },
        "edition": "2018",
        "version": "1.0.15"
      },
      "build_script_attrs": {
        "compile_data_glob": [
          "**"
        ],
        "compile_data_glob_excludes": [
          "**/*.rs"
        ],
        "data_glob": [
          "**"
        ]
      },
      "license": "MIT OR Apache-2.0",
      "license_ids": [
        "Apache-2.0",
        "MIT"
      ],
      "license_file": "LICENSE-APACHE"
    },
    "proc-macro2 1.0.107": {
      "name": "proc-macro2",
      "version": "1.0.107",
      "package_url": "https://github.com/dtolnay/proc-macro2",
      "repository": {
        "Http": {
          "url": "https://static.crates.io/crates/proc-macro2/1.0.107/download",
          "sha256": "985e7ec9bb745e6ce6535b544d84d6cd6f7ad8bd711c398938ae983b91a766d9"
        }
      },
      "targets": [
        {
          "Library": {
            "crate_name": "proc_macro2",
            "crate_root": "src/lib.rs",
            "srcs": {
              "allow_empty": true,
              "include": [
                "**/*.rs"
              ]
            }
          }
        },
        {
          "BuildScript": {
            "crate_name": "build_script_build",
            "crate_root": "build.rs",
            "srcs": {
              "allow_empty": true,
              "include": [
                "**/*.rs"
              ]
            }
          }
        }
      ],
      "library_target_name": "proc_macro2",
      "common_attrs": {
        "compile_data_glob": [
          "**"
        ],
        "crate_features": {
          "common": [
            "default",
            "proc-macro"
          ],
          "selects": {}
        },
        "deps": {
          "common": [
            {
              "id": "proc-macro2 1.0.107",
              "target": "build_script_build"
            },
            {
              "id": "unicode-ident 1.0.24",
              "target": "unicode_ident"
            }
          ],
          "selects": {}
        },
        "edition": "2021",
        "version": "1.0.107"
      },
      "build_script_attrs": {
        "compile_data_glob": [
          "**"
        ],
        "compile_data_glob_excludes": [
          "**/*.rs"
        ],
        "data_glob": [
          "**"
        ]
      },
      "license": "MIT OR Apache-2.0",
      "license_ids": [
        "Apache-2.0",
        "MIT"
      ],
      "license_file": "LICENSE-APACHE"
    },
    "quote 1.0.47": {
      "name": "quote",
      "version": "1.0.47",
      "package_url": "https://github.com/dtolnay/quote",
      "repository": {
        "Http": {
          "url": "https://static.crates.io/crates/quote/1.0.47/download",
          "sha256": "1fbf4db142a473a8d80c26bbf18454ed458bf8d26c8219c331daecfdbd079001"
        }
      },
      "targets": [
        {
          "Library": {
            "crate_name": "quote",
            "crate_root": "src/lib.rs",
            "srcs": {
              "allow_empty": true,
              "include": [
                "**/*.rs"
              ]
            }
          }
        },
        {
          "BuildScript": {
            "crate_name": "build_script_build",
            "crate_root": "build.rs",
            "srcs": {
              "allow_empty": true,
              "include": [
                "**/*.rs"
              ]
            }
          }
        }
      ],
      "library_target_name": "quote",
      "common_attrs": {
        "compile_data_glob": [
          "**"
        ],
        "crate_features": {
          "common": [
            "default",
            "proc-macro"
          ],
          "selects": {}
        },
        "deps": {
          "common": [
            {
              "id": "proc-macro2 1.0.107",
              "target": "proc_macro2"
            },
            {
              "id": "quote 1.0.47",
              "target": "build_script_build"
            }
          ],
          "selects": {}
        },
        "edition": "2021",
        "version": "1.0.47"
      },
      "build_script_attrs": {
        "compile_data_glob": [
          "**"
        ],
        "compile_data_glob_excludes": [
          "**/*.rs"
        ],
        "data_glob": [
          "**"
        ]
      },
      "license": "MIT OR Apache-2.0",
      "license_ids": [
        "Apache-2.0",
        "MIT"
      ],
      "license_file": "LICENSE-APACHE"
    },
    "syn 2.0.119": {
      "name": "syn",
      "version": "2.0.119",
      "package_url": "https://github.com/dtolnay/syn",
      "repository": {
        "Http": {
          "url": "https://static.crates.io/crates/syn/2.0.119/download",
          "sha256": "872831b642d1a07999a962a351ed35b955ea2cfc8f3862091e2a240a84f17297"
        }
      },
      "targets": [
        {
          "Library": {
            "crate_name": "syn",
            "crate_root": "src/lib.rs",
            "srcs": {
              "allow_empty": true,
              "include": [
                "**/*.rs"
              ]
            }
          }
        }
      ],
      "library_target_name": "syn",
      "common_attrs": {
        "compile_data_glob": [
          "**"
        ],
        "crate_features": {
          "common": [
            "clone-impls",
            "default",
            "derive",
            "extra-traits",
            "parsing",
            "printing",
            "proc-macro"
          ],
          "selects": {}
        },
        "deps": {
          "common": [
            {
              "id": "proc-macro2 1.0.107",
              "target": "proc_macro2"
            },
            {
              "id": "quote 1.0.47",
              "target": "quote"
            },
            {
              "id": "unicode-ident 1.0.24",
              "target": "unicode_ident"
            }
          ],
          "selects": {}
        },
        "edition": "2021",
        "version": "2.0.119"
      },
      "license": "MIT OR Apache-2.0",
      "license_ids": [
        "Apache-2.0",
        "MIT"
      ],
      "license_file": "LICENSE-APACHE"
    },
    "syn 3.0.3": {
      "name": "syn",
      "version": "3.0.3",
      "package_url": "https://github.com/dtolnay/syn",
      "repository": {
        "Http": {
          "url": "https://static.crates.io/crates/syn/3.0.3/download",
          "sha256": "53e9bae58849f64dfa4f5d5ae372c8341f7305f82a3868709269343628b659a3"
        }
      },
      "targets": [
        {
          "Library": {
            "crate_name": "syn",
            "crate_root": "src/lib.rs",
            "srcs": {
              "allow_empty": true,
              "include": [
                "**/*.rs"
              ]
            }
          }
        }
      ],
      "library_target_name": "syn",
      "common_attrs": {
        "compile_data_glob": [
          "**"
        ],
        "crate_features": {
          "common": [
            "clone-impls",
            "default",
            "derive",
            "full",
            "parsing",
            "printing",
            "proc-macro"
          ],
          "selects": {}
        },
        "deps": {
          "common": [
            {
              "id": "proc-macro2 1.0.107",
              "target": "proc_macro2"
            },
            {
              "id": "quote 1.0.47",
              "target": "quote"
            },
            {
              "id": "unicode-ident 1.0.24",
              "target": "unicode_ident"
            }
          ],
          "selects": {}
        },
        "edition": "2021",
        "version": "3.0.3"
      },
      "license": "MIT OR Apache-2.0",
      "license_ids": [
        "Apache-2.0",
        "MIT"
      ],
      "license_file": "LICENSE-APACHE"
    },
    "thiserror 2.0.19": {
      "name": "thiserror",
      "version": "2.0.19",
      "package_url": "https://github.com/dtolnay/thiserror",
      "repository": {
        "Http": {
          "url": "https://static.crates.io/crates/thiserror/2.0.19/download",
          "sha256": "09a43598840e33d5b0331f38c5e30d13bb11c11210a4b58f0d9b18a5a5eefcd9"
        }
      },
      "targets": [
        {
          "Library": {
            "crate_name": "thiserror",
            "crate_root": "src/lib.rs",
            "srcs": {
              "allow_empty": true,
              "include": [
                "**/*.rs"
              ]
            }
          }
        },
        {
          "BuildScript": {
            "crate_name": "build_script_build",
            "crate_root": "build.rs",
            "srcs": {
              "allow_empty": true,
              "include": [
                "**/*.rs"
              ]
            }
          }
        }
      ],
      "library_target_name": "thiserror",
      "common_attrs": {
        "compile_data_glob": [
          "**"
        ],
        "crate_features": {
          "common": [
            "default",
            "std"
          ],
          "selects": {}
        },
        "deps": {
          "common": [
            {
              "id": "thiserror 2.0.19",
              "target": "build_script_build"
            }
          ],
          "selects": {}
        },
        "edition": "2021",
        "proc_macro_deps": {
          "common": [
            {
              "id": "thiserror-impl 2.0.19",
              "target": "thiserror_impl"
            }
          ],
          "selects": {}
        },
        "version": "2.0.19"
      },
      "build_script_attrs": {
        "compile_data_glob": [
          "**"
        ],
        "compile_data_glob_excludes": [
          "**/*.rs"
        ],
        "data_glob": [
          "**"
        ]
      },
      "license": "MIT OR Apache-2.0",
      "license_ids": [
        "Apache-2.0",
        "MIT"
      ],
      "license_file": "LICENSE-APACHE"
    },
    "thiserror-impl 2.0.19": {
      "name": "thiserror-impl",
      "version": "2.0.19",
      "package_url": "https://github.com/dtolnay/thiserror",
      "repository": {
        "Http": {
          "url": "https://static.crates.io/crates/thiserror-impl/2.0.19/download",
          "sha256": "43cbfe0cf76104d42a574802844187e84a305e531ed54455f11fbde0f10541cd"
        }
      },
      "targets": [
        {
          "ProcMacro": {
            "crate_name": "thiserror_impl",
            "crate_root": "src/lib.rs",
            "srcs": {
              "allow_empty": true,
              "include": [
                "**/*.rs"
              ]
            }
          }
        }
      ],
      "library_target_name": "thiserror_impl",
      "common_attrs": {
        "compile_data_glob": [
          "**"
        ],
        "deps": {
          "common": [
            {
              "id": "proc-macro2 1.0.107",
              "target": "proc_macro2"
            },
            {
              "id": "quote 1.0.47",
              "target": "quote"
            },
            {
              "id": "syn 3.0.3",
              "target": "syn"
            }
          ],
          "selects": {}
        },
        "edition": "2021",
        "version": "2.0.19"
      },
      "license": "MIT OR Apache-2.0",
      "license_ids": [
        "Apache-2.0",
        "MIT"
      ],
      "license_file": "LICENSE-APACHE"
    },
    "unicode-ident 1.0.24": {
      "name": "unicode-ident",
      "version": "1.0.24",
      "package_url": "https://github.com/dtolnay/unicode-ident",
      "repository": {
        "Http": {
          "url": "https://static.crates.io/crates/unicode-ident/1.0.24/download",
          "sha256": "e6e4313cd5fcd3dad5cafa179702e2b244f760991f45397d14d4ebf38247da75"
        }
      },
      "targets": [
        {
          "Library": {
            "crate_name": "unicode_ident",
            "crate_root": "src/lib.rs",
            "srcs": {
              "allow_empty": true,
              "include": [
                "**/*.rs"
              ]
            }
          }
        }
      ],
      "library_target_name": "unicode_ident",
      "common_attrs": {
        "compile_data_glob": [
          "**"
        ],
        "edition": "2021",
        "version": "1.0.24"
      },
      "license": "(MIT OR Apache-2.0) AND Unicode-3.0",
      "license_ids": [
        "Apache-2.0",
        "MIT",
        "Unicode-3.0"
      ],
      "license_file": "LICENSE-APACHE"
    },
    "winapi 0.3.9": {
      "name": "winapi",
      "version": "0.3.9",
      "package_url": "https://github.com/retep998/winapi-rs",
      "repository": {
        "Http": {
          "url": "https://static.crates.io/crates/winapi/0.3.9/download",
          "sha256": "5c839a674fcd7a98952e593242ea400abe93992746761e38641405d28b00f419"
        }
      },
      "targets": [
        {
          "Library": {
            "crate_name": "winapi",
            "crate_root": "src/lib.rs",
            "srcs": {
              "allow_empty": true,
              "include": [
                "**/*.rs"
              ]
            }
          }
        },
        {
          "BuildScript": {
            "crate_name": "build_script_build",
            "crate_root": "build.rs",
            "srcs": {
              "allow_empty": true,
              "include": [
                "**/*.rs"
              ]
            }
          }
        }
      ],
      "library_target_name": "winapi",
      "common_attrs": {
        "compile_data_glob": [
          "**"
        ],
        "deps": {
          "common": [
            {
              "id": "winapi 0.3.9",
              "target": "build_script_build"
            }
          ],
          "selects": {
            "i686-pc-windows-gnu": [
              {
                "id": "winapi-i686-pc-windows-gnu 0.4.0",
                "target": "winapi_i686_pc_windows_gnu"
              }
            ],
            "x86_64-pc-windows-gnu": [
              {
                "id": "winapi-x86_64-pc-windows-gnu 0.4.0",
                "target": "winapi_x86_64_pc_windows_gnu"
              }
            ]
          }
        },
        "edition": "2015",
        "version": "0.3.9"
      },
      "build_script_attrs": {
        "compile_data_glob": [
          "**"
        ],
        "compile_data_glob_excludes": [
          "**/*.rs"
        ],
        "data_glob": [
          "**"
        ]
      },
      "license": "MIT/Apache-2.0",
      "license_ids": [
        "Apache-2.0",
        "MIT"
      ],
      "license_file": "LICENSE-APACHE"
    },
    "winapi-i686-pc-windows-gnu 0.4.0": {
      "name": "winapi-i686-pc-windows-gnu",
      "version": "0.4.0",
      "package_url": "https://github.com/retep998/winapi-rs",
      "repository": {
        "Http": {
          "url": "https://static.crates.io/crates/winapi-i686-pc-windows-gnu/0.4.0/download",
          "sha256": "ac3b87c63620426dd9b991e5ce0329eff545bccbbb34f3be09ff6fb6ab51b7b6"
        }
      },
      "targets": [
        {
          "Library": {
            "crate_name": "winapi_i686_pc_windows_gnu",
            "crate_root": "src/lib.rs",
            "srcs": {
              "allow_empty": true,
              "include": [
                "**/*.rs"
              ]
            }
          }
        },
        {
          "BuildScript": {
            "crate_name": "build_script_build",
            "crate_root": "build.rs",
            "srcs": {
              "allow_empty": true,
              "include": [
                "**/*.rs"
              ]
            }
          }
        }
      ],
      "library_target_name": "winapi_i686_pc_windows_gnu",
      "common_attrs": {
        "compile_data_glob": [
          "**"
        ],
        "deps": {
          "common": [
            {
              "id": "winapi-i686-pc-windows-gnu 0.4.0",
              "target": "build_script_build"
            }
          ],
          "selects": {}
        },
        "edition": "2015",
        "version": "0.4.0"
      },
      "build_script_attrs": {
        "compile_data_glob": [
          "**"
        ],
        "compile_data_glob_excludes": [
          "**/*.rs"
        ],
        "data_glob": [
          "**"
        ]
      },
      "license": "MIT/Apache-2.0",
      "license_ids": [
        "Apache-2.0",
        "MIT"
      ],
      "license_file": null
    },
    "winapi-x86_64-pc-windows-gnu 0.4.0": {
      "name": "winapi-x86_64-pc-windows-gnu",
      "version": "0.4.0",
      "package_url": "https://github.com/retep998/winapi-rs",
      "repository": {
        "Http": {
          "url": "https://static.crates.io/crates/winapi-x86_64-pc-windows-gnu/0.4.0/download",
          "sha256": "712e227841d057c1ee1cd2fb22fa7e5a5461ae8e48fa2ca79ec42cfc1931183f"
        }
      },
      "targets": [
        {
          "Library": {
            "crate_name": "winapi_x86_64_pc_windows_gnu",
            "crate_root": "src/lib.rs",
            "srcs": {
              "allow_empty": true,
              "include": [
                "**/*.rs"
              ]
            }
          }
        },
        {
          "BuildScript": {
            "crate_name": "build_script_build",
            "crate_root": "build.rs",
            "srcs": {
              "allow_empty": true,
              "include": [
                "**/*.rs"
              ]
            }
          }
        }
      ],
      "library_target_name": "winapi_x86_64_pc_windows_gnu",
      "common_attrs": {
        "compile_data_glob": [
          "**"
        ],
        "deps": {
          "common": [
            {
              "id": "winapi-x86_64-pc-windows-gnu 0.4.0",
              "target": "build_script_build"
            }
          ],
          "selects": {}
        },
        "edition": "2015",
        "version": "0.4.0"
      },
      "build_script_attrs": {
        "compile_data_glob": [
          "**"
        ],
        "compile_data_glob_excludes": [
          "**/*.rs"
        ],
        "data_glob": [
          "**"
        ]
      },
      "license": "MIT/Apache-2.0",
      "license_ids": [
        "Apache-2.0",
        "MIT"
      ],
      "license_file": null
    }
  },
  "binary_crates": [],
  "workspace_members": {
    "direct-cargo-bazel-deps 0.0.1": ""
  },
  "conditions": {
    "aarch64-apple-darwin": [
      "aarch64-apple-darwin"
    ],
    "cfg(unix)": [
      "aarch64-apple-darwin",
      "x86_64-unknown-linux-gnu"
    ],
    "cfg(windows)": [],
    "i686-pc-windows-gnu": [],
    "x86_64-pc-windows-gnu": [],
    "x86_64-unknown-linux-gnu": [
      "x86_64-unknown-linux-gnu"
    ]
  },
  "direct_deps": [
    "metal 0.33.0",
    "opencl3 0.12.3"
  ],
  "direct_dev_deps": [],
  "unused_patches": []
}
